{
  "pins" : [
    {
      "identity" : "movingnumbersview",
      "kind" : "remoteSourceControl",
      "location" : "https://github.com/aunnnn/MovingNumbersView.git",
      "state" : {
        "revision" : "89dd0f149de0b89831f0bc5f6bc36daddf9a9eeb",
        "version" : "0.1.0"
      }
    }
  ],
  "version" : 2
}
