// !$*UTF8*$!
{
	archiveVersion = 1;
	classes = {
	};
	objectVersion = 54;
	objects = {

/* Begin PBXBuildFile section */
		F22525282A486E14005352D4 /* ShowcaseHeading.swift in Sources */ = {isa = PBXBuildFile; fileRef = F22525272A486E14005352D4 /* ShowcaseHeading.swift */; };
		F225252A2A48896F005352D4 /* ParameterButtton.swift in Sources */ = {isa = PBXBuildFile; fileRef = F22525292A48896F005352D4 /* ParameterButtton.swift */; };
		F23166AE2A5382DA00C3078B /* StaticNoise.metal in Sources */ = {isa = PBXBuildFile; fileRef = F23166AD2A5382DA00C3078B /* StaticNoise.metal */; };
		F23166B02A53877F00C3078B /* Exposure.metal in Sources */ = {isa = PBXBuildFile; fileRef = F23166AF2A53877E00C3078B /* Exposure.metal */; };
		F2339D522A434E5500FAAD78 /* ShowcaseImage.swift in Sources */ = {isa = PBXBuildFile; fileRef = F2339D512A434E5500FAAD78 /* ShowcaseImage.swift */; };
		F23754422A518D2E003B2BEB /* EdgeDetection.metal in Sources */ = {isa = PBXBuildFile; fileRef = F23754402A518D2E003B2BEB /* EdgeDetection.metal */; };
		F23754432A518D2E003B2BEB /* EdgeDetection.swift in Sources */ = {isa = PBXBuildFile; fileRef = F23754412A518D2E003B2BEB /* EdgeDetection.swift */; };
		F23754452A518D80003B2BEB /* Media.xcassets in Resources */ = {isa = PBXBuildFile; fileRef = F23754442A518D80003B2BEB /* Media.xcassets */; };
		F237CD542A536D5600A6FA3A /* ShowcaseVideo.swift in Sources */ = {isa = PBXBuildFile; fileRef = F237CD532A536D5600A6FA3A /* ShowcaseVideo.swift */; };
		F259E65F2A4B12D5006E7CF1 /* DocumentationView.swift in Sources */ = {isa = PBXBuildFile; fileRef = F259E65E2A4B12D5006E7CF1 /* DocumentationView.swift */; };
		F259E6612A4B2655006E7CF1 /* CategoryButton.swift in Sources */ = {isa = PBXBuildFile; fileRef = F259E6602A4B2655006E7CF1 /* CategoryButton.swift */; };
		F259E6632A4B3DB3006E7CF1 /* LibraryView.swift in Sources */ = {isa = PBXBuildFile; fileRef = F259E6622A4B3DB3006E7CF1 /* LibraryView.swift */; };
		F259E6682A4B71E3006E7CF1 /* Waves.swift in Sources */ = {isa = PBXBuildFile; fileRef = F259E6672A4B71E3006E7CF1 /* Waves.swift */; };
		F259E66A2A4B71FD006E7CF1 /* Waves.metal in Sources */ = {isa = PBXBuildFile; fileRef = F259E6692A4B71FD006E7CF1 /* Waves.metal */; };
		F260EACB2A4CEB8800EA5E0F /* VHS.metal in Sources */ = {isa = PBXBuildFile; fileRef = F260EACA2A4CEB8800EA5E0F /* VHS.metal */; };
		F260EACD2A4CEC2600EA5E0F /* Loupe.swift in Sources */ = {isa = PBXBuildFile; fileRef = F260EACC2A4CEC2600EA5E0F /* Loupe.swift */; };
		F272720A2A54BAE7007E9FC5 /* VHS.swift in Sources */ = {isa = PBXBuildFile; fileRef = F27272092A54BAE7007E9FC5 /* VHS.swift */; };
		F272720C2A54C1C6007E9FC5 /* RandomColors.metal in Sources */ = {isa = PBXBuildFile; fileRef = F272720B2A54C1C6007E9FC5 /* RandomColors.metal */; };
		F272720E2A54CABD007E9FC5 /* RandomColors.swift in Sources */ = {isa = PBXBuildFile; fileRef = F272720D2A54CABD007E9FC5 /* RandomColors.swift */; };
		F29917762A4308B0005DBC70 /* Sepia.swift in Sources */ = {isa = PBXBuildFile; fileRef = F2BCB1102A4258A10010EBF7 /* Sepia.swift */; };
		F29917812A4308B0005DBC70 /* MetalShaderShowcases.swift in Sources */ = {isa = PBXBuildFile; fileRef = 518EAA98264EE37A00B057E5 /* MetalShaderShowcases.swift */; };
		F29917822A4308B0005DBC70 /* ContentView.swift in Sources */ = {isa = PBXBuildFile; fileRef = 518EAA9A264EE37A00B057E5 /* ContentView.swift */; };
		F29FE6502A45942F00EAAC87 /* Sepia.metal in Sources */ = {isa = PBXBuildFile; fileRef = F29FE64F2A45942F00EAAC87 /* Sepia.metal */; };
		F29FE6542A45B78F00EAAC87 /* Shader.swift in Sources */ = {isa = PBXBuildFile; fileRef = F29FE6532A45B78F00EAAC87 /* Shader.swift */; };
		F2B997642A470FE500F872D3 /* ChromaticAbberation.metal in Sources */ = {isa = PBXBuildFile; fileRef = F2B997632A470FE500F872D3 /* ChromaticAbberation.metal */; };
		F2B997662A47106E00F872D3 /* ChromaticAbberation.swift in Sources */ = {isa = PBXBuildFile; fileRef = F2B997652A47106E00F872D3 /* ChromaticAbberation.swift */; };
		F2B997682A47B64200F872D3 /* ShowcaseParameter.swift in Sources */ = {isa = PBXBuildFile; fileRef = F2B997672A47B64200F872D3 /* ShowcaseParameter.swift */; };
		F2DB79382A4EF19600C2F727 /* Contrast.metal in Sources */ = {isa = PBXBuildFile; fileRef = F2DB79372A4EF19600C2F727 /* Contrast.metal */; };
		F2DB793B2A4F961B00C2F727 /* Invert.metal in Sources */ = {isa = PBXBuildFile; fileRef = F2DB793A2A4F961B00C2F727 /* Invert.metal */; };
		F2DB793F2A4F984800C2F727 /* Intensity.metal in Sources */ = {isa = PBXBuildFile; fileRef = F2DB793E2A4F984800C2F727 /* Intensity.metal */; };
		F2DB79412A4F98E300C2F727 /* Greyscale.metal in Sources */ = {isa = PBXBuildFile; fileRef = F2DB79402A4F98E300C2F727 /* Greyscale.metal */; };
		F2DB79432A4F99B300C2F727 /* Blacklight.metal in Sources */ = {isa = PBXBuildFile; fileRef = F2DB79422A4F99B300C2F727 /* Blacklight.metal */; };
		F2DB79472A4F99F500C2F727 /* Deepfry.metal in Sources */ = {isa = PBXBuildFile; fileRef = F2DB79462A4F99F500C2F727 /* Deepfry.metal */; };
		F2DB79492A4F9A7100C2F727 /* ColorChannel.metal in Sources */ = {isa = PBXBuildFile; fileRef = F2DB79482A4F9A7100C2F727 /* ColorChannel.metal */; };
		F2DB794D2A4F9A8D00C2F727 /* Dithering.metal in Sources */ = {isa = PBXBuildFile; fileRef = F2DB794C2A4F9A8D00C2F727 /* Dithering.metal */; };
		F2DB794F2A4F9AAB00C2F727 /* Bloom.metal in Sources */ = {isa = PBXBuildFile; fileRef = F2DB794E2A4F9AAB00C2F727 /* Bloom.metal */; };
		F2DB79532A4F9AC000C2F727 /* Posterize.metal in Sources */ = {isa = PBXBuildFile; fileRef = F2DB79522A4F9AC000C2F727 /* Posterize.metal */; };
		F2DB79552A4F9ACD00C2F727 /* Infrared.metal in Sources */ = {isa = PBXBuildFile; fileRef = F2DB79542A4F9ACD00C2F727 /* Infrared.metal */; };
		F2DB79572A4F9ADA00C2F727 /* Halftone.metal in Sources */ = {isa = PBXBuildFile; fileRef = F2DB79562A4F9ADA00C2F727 /* Halftone.metal */; };
		F2F56F4A2A5010E300849DBE /* Loupe.metal in Sources */ = {isa = PBXBuildFile; fileRef = F2F56F492A5010E300849DBE /* Loupe.metal */; };
		F2F56F4D2A502B5000849DBE /* Wave in Frameworks */ = {isa = PBXBuildFile; productRef = F2F56F4C2A502B5000849DBE /* Wave */; };
		F2F56F4F2A5037C500849DBE /* Blacklight.swift in Sources */ = {isa = PBXBuildFile; fileRef = F2F56F4E2A5037C500849DBE /* Blacklight.swift */; };
		F2F56F512A5037C900849DBE /* Bloom.swift in Sources */ = {isa = PBXBuildFile; fileRef = F2F56F502A5037C900849DBE /* Bloom.swift */; };
		F2F56F532A5037D400849DBE /* ColorChannelMixer.swift in Sources */ = {isa = PBXBuildFile; fileRef = F2F56F522A5037D400849DBE /* ColorChannelMixer.swift */; };
		F2F56F552A5037DC00849DBE /* Contrast.swift in Sources */ = {isa = PBXBuildFile; fileRef = F2F56F542A5037DC00849DBE /* Contrast.swift */; };
		F2F56F572A5037E100849DBE /* Deepfry.swift in Sources */ = {isa = PBXBuildFile; fileRef = F2F56F562A5037E100849DBE /* Deepfry.swift */; };
		F2F56F5B2A5037F500849DBE /* Dithering.swift in Sources */ = {isa = PBXBuildFile; fileRef = F2F56F5A2A5037F500849DBE /* Dithering.swift */; };
		F2F56F612A50380400849DBE /* Greyscale.swift in Sources */ = {isa = PBXBuildFile; fileRef = F2F56F602A50380400849DBE /* Greyscale.swift */; };
		F2F56F632A50380900849DBE /* Halftone.swift in Sources */ = {isa = PBXBuildFile; fileRef = F2F56F622A50380800849DBE /* Halftone.swift */; };
		F2F56F652A50380E00849DBE /* Infrared.swift in Sources */ = {isa = PBXBuildFile; fileRef = F2F56F642A50380E00849DBE /* Infrared.swift */; };
		F2F56F672A50382A00849DBE /* Intensity.swift in Sources */ = {isa = PBXBuildFile; fileRef = F2F56F662A50382A00849DBE /* Intensity.swift */; };
		F2F56F692A50382E00849DBE /* Invert.swift in Sources */ = {isa = PBXBuildFile; fileRef = F2F56F682A50382E00849DBE /* Invert.swift */; };
		F2F56F6D2A50387E00849DBE /* Posterize.swift in Sources */ = {isa = PBXBuildFile; fileRef = F2F56F6C2A50387E00849DBE /* Posterize.swift */; };
		F2F56F752A5038E500849DBE /* StaticNoise.swift in Sources */ = {isa = PBXBuildFile; fileRef = F2F56F742A5038E500849DBE /* StaticNoise.swift */; };
/* End PBXBuildFile section */

/* Begin PBXFileReference section */
		518EAA95264EE37A00B057E5 /* Metallurgy.app */ = {isa = PBXFileReference; explicitFileType = wrapper.application; includeInIndex = 0; path = Metallurgy.app; sourceTree = BUILT_PRODUCTS_DIR; };
		518EAA98264EE37A00B057E5 /* MetalShaderShowcases.swift */ = {isa = PBXFileReference; lastKnownFileType = sourcecode.swift; path = MetalShaderShowcases.swift; sourceTree = "<group>"; };
		518EAA9A264EE37A00B057E5 /* ContentView.swift */ = {isa = PBXFileReference; lastKnownFileType = sourcecode.swift; path = ContentView.swift; sourceTree = "<group>"; };
		F22525272A486E14005352D4 /* ShowcaseHeading.swift */ = {isa = PBXFileReference; lastKnownFileType = sourcecode.swift; path = ShowcaseHeading.swift; sourceTree = "<group>"; };
		F22525292A48896F005352D4 /* ParameterButtton.swift */ = {isa = PBXFileReference; lastKnownFileType = sourcecode.swift; path = ParameterButtton.swift; sourceTree = "<group>"; };
		F23166AD2A5382DA00C3078B /* StaticNoise.metal */ = {isa = PBXFileReference; fileEncoding = 4; lastKnownFileType = sourcecode.metal; path = StaticNoise.metal; sourceTree = "<group>"; };
		F23166AF2A53877E00C3078B /* Exposure.metal */ = {isa = PBXFileReference; fileEncoding = 4; lastKnownFileType = sourcecode.metal; path = Exposure.metal; sourceTree = "<group>"; };
		F2339D512A434E5500FAAD78 /* ShowcaseImage.swift */ = {isa = PBXFileReference; lastKnownFileType = sourcecode.swift; path = ShowcaseImage.swift; sourceTree = "<group>"; };
		F23754402A518D2E003B2BEB /* EdgeDetection.metal */ = {isa = PBXFileReference; fileEncoding = 4; lastKnownFileType = sourcecode.metal; path = EdgeDetection.metal; sourceTree = "<group>"; };
		F23754412A518D2E003B2BEB /* EdgeDetection.swift */ = {isa = PBXFileReference; fileEncoding = 4; lastKnownFileType = sourcecode.swift; path = EdgeDetection.swift; sourceTree = "<group>"; };
		F23754442A518D80003B2BEB /* Media.xcassets */ = {isa = PBXFileReference; lastKnownFileType = folder.assetcatalog; path = Media.xcassets; sourceTree = "<group>"; };
		F23754462A518DA9003B2BEB /* Info.plist */ = {isa = PBXFileReference; lastKnownFileType = text.plist.xml; path = Info.plist; sourceTree = "<group>"; };
		F237CD532A536D5600A6FA3A /* ShowcaseVideo.swift */ = {isa = PBXFileReference; fileEncoding = 4; lastKnownFileType = sourcecode.swift; path = ShowcaseVideo.swift; sourceTree = "<group>"; };
		F259E65E2A4B12D5006E7CF1 /* DocumentationView.swift */ = {isa = PBXFileReference; lastKnownFileType = sourcecode.swift; path = DocumentationView.swift; sourceTree = "<group>"; };
		F259E6602A4B2655006E7CF1 /* CategoryButton.swift */ = {isa = PBXFileReference; lastKnownFileType = sourcecode.swift; path = CategoryButton.swift; sourceTree = "<group>"; };
		F259E6622A4B3DB3006E7CF1 /* LibraryView.swift */ = {isa = PBXFileReference; lastKnownFileType = sourcecode.swift; path = LibraryView.swift; sourceTree = "<group>"; };
		F259E6672A4B71E3006E7CF1 /* Waves.swift */ = {isa = PBXFileReference; lastKnownFileType = sourcecode.swift; path = Waves.swift; sourceTree = "<group>"; };
		F259E6692A4B71FD006E7CF1 /* Waves.metal */ = {isa = PBXFileReference; lastKnownFileType = sourcecode.metal; path = Waves.metal; sourceTree = "<group>"; };
		F260EACA2A4CEB8800EA5E0F /* VHS.metal */ = {isa = PBXFileReference; lastKnownFileType = sourcecode.metal; path = VHS.metal; sourceTree = "<group>"; };
		F260EACC2A4CEC2600EA5E0F /* Loupe.swift */ = {isa = PBXFileReference; lastKnownFileType = sourcecode.swift; path = Loupe.swift; sourceTree = "<group>"; };
		F27272092A54BAE7007E9FC5 /* VHS.swift */ = {isa = PBXFileReference; fileEncoding = 4; lastKnownFileType = sourcecode.swift; path = VHS.swift; sourceTree = "<group>"; };
		F272720B2A54C1C6007E9FC5 /* RandomColors.metal */ = {isa = PBXFileReference; fileEncoding = 4; lastKnownFileType = sourcecode.metal; path = RandomColors.metal; sourceTree = "<group>"; };
		F272720D2A54CABD007E9FC5 /* RandomColors.swift */ = {isa = PBXFileReference; fileEncoding = 4; lastKnownFileType = sourcecode.swift; path = RandomColors.swift; sourceTree = "<group>"; };
		F29FE64F2A45942F00EAAC87 /* Sepia.metal */ = {isa = PBXFileReference; lastKnownFileType = sourcecode.metal; path = Sepia.metal; sourceTree = "<group>"; };
		F29FE6532A45B78F00EAAC87 /* Shader.swift */ = {isa = PBXFileReference; lastKnownFileType = sourcecode.swift; path = Shader.swift; sourceTree = "<group>"; };
		F2B997632A470FE500F872D3 /* ChromaticAbberation.metal */ = {isa = PBXFileReference; lastKnownFileType = sourcecode.metal; path = ChromaticAbberation.metal; sourceTree = "<group>"; };
		F2B997652A47106E00F872D3 /* ChromaticAbberation.swift */ = {isa = PBXFileReference; lastKnownFileType = sourcecode.swift; path = ChromaticAbberation.swift; sourceTree = "<group>"; };
		F2B997672A47B64200F872D3 /* ShowcaseParameter.swift */ = {isa = PBXFileReference; lastKnownFileType = sourcecode.swift; path = ShowcaseParameter.swift; sourceTree = "<group>"; };
		F2BCB1102A4258A10010EBF7 /* Sepia.swift */ = {isa = PBXFileReference; lastKnownFileType = sourcecode.swift; path = Sepia.swift; sourceTree = "<group>"; };
		F2DB79372A4EF19600C2F727 /* Contrast.metal */ = {isa = PBXFileReference; lastKnownFileType = sourcecode.metal; path = Contrast.metal; sourceTree = "<group>"; };
		F2DB793A2A4F961B00C2F727 /* Invert.metal */ = {isa = PBXFileReference; lastKnownFileType = sourcecode.metal; path = Invert.metal; sourceTree = "<group>"; };
		F2DB793E2A4F984800C2F727 /* Intensity.metal */ = {isa = PBXFileReference; lastKnownFileType = sourcecode.metal; path = Intensity.metal; sourceTree = "<group>"; };
		F2DB79402A4F98E300C2F727 /* Greyscale.metal */ = {isa = PBXFileReference; lastKnownFileType = sourcecode.metal; path = Greyscale.metal; sourceTree = "<group>"; };
		F2DB79422A4F99B300C2F727 /* Blacklight.metal */ = {isa = PBXFileReference; lastKnownFileType = sourcecode.metal; path = Blacklight.metal; sourceTree = "<group>"; };
		F2DB79462A4F99F500C2F727 /* Deepfry.metal */ = {isa = PBXFileReference; lastKnownFileType = sourcecode.metal; path = Deepfry.metal; sourceTree = "<group>"; };
		F2DB79482A4F9A7100C2F727 /* ColorChannel.metal */ = {isa = PBXFileReference; lastKnownFileType = sourcecode.metal; path = ColorChannel.metal; sourceTree = "<group>"; };
		F2DB794C2A4F9A8D00C2F727 /* Dithering.metal */ = {isa = PBXFileReference; lastKnownFileType = sourcecode.metal; path = Dithering.metal; sourceTree = "<group>"; };
		F2DB794E2A4F9AAB00C2F727 /* Bloom.metal */ = {isa = PBXFileReference; lastKnownFileType = sourcecode.metal; path = Bloom.metal; sourceTree = "<group>"; };
		F2DB79522A4F9AC000C2F727 /* Posterize.metal */ = {isa = PBXFileReference; lastKnownFileType = sourcecode.metal; path = Posterize.metal; sourceTree = "<group>"; };
		F2DB79542A4F9ACD00C2F727 /* Infrared.metal */ = {isa = PBXFileReference; lastKnownFileType = sourcecode.metal; path = Infrared.metal; sourceTree = "<group>"; };
		F2DB79562A4F9ADA00C2F727 /* Halftone.metal */ = {isa = PBXFileReference; lastKnownFileType = sourcecode.metal; path = Halftone.metal; sourceTree = "<group>"; };
		F2F56F492A5010E300849DBE /* Loupe.metal */ = {isa = PBXFileReference; lastKnownFileType = sourcecode.metal; path = Loupe.metal; sourceTree = "<group>"; };
		F2F56F4E2A5037C500849DBE /* Blacklight.swift */ = {isa = PBXFileReference; lastKnownFileType = sourcecode.swift; path = Blacklight.swift; sourceTree = "<group>"; };
		F2F56F502A5037C900849DBE /* Bloom.swift */ = {isa = PBXFileReference; lastKnownFileType = sourcecode.swift; path = Bloom.swift; sourceTree = "<group>"; };
		F2F56F522A5037D400849DBE /* ColorChannelMixer.swift */ = {isa = PBXFileReference; lastKnownFileType = sourcecode.swift; path = ColorChannelMixer.swift; sourceTree = "<group>"; };
		F2F56F542A5037DC00849DBE /* Contrast.swift */ = {isa = PBXFileReference; lastKnownFileType = sourcecode.swift; path = Contrast.swift; sourceTree = "<group>"; };
		F2F56F562A5037E100849DBE /* Deepfry.swift */ = {isa = PBXFileReference; lastKnownFileType = sourcecode.swift; path = Deepfry.swift; sourceTree = "<group>"; };
		F2F56F5A2A5037F500849DBE /* Dithering.swift */ = {isa = PBXFileReference; lastKnownFileType = sourcecode.swift; path = Dithering.swift; sourceTree = "<group>"; };
		F2F56F602A50380400849DBE /* Greyscale.swift */ = {isa = PBXFileReference; lastKnownFileType = sourcecode.swift; path = Greyscale.swift; sourceTree = "<group>"; };
		F2F56F622A50380800849DBE /* Halftone.swift */ = {isa = PBXFileReference; lastKnownFileType = sourcecode.swift; path = Halftone.swift; sourceTree = "<group>"; };
		F2F56F642A50380E00849DBE /* Infrared.swift */ = {isa = PBXFileReference; lastKnownFileType = sourcecode.swift; path = Infrared.swift; sourceTree = "<group>"; };
		F2F56F662A50382A00849DBE /* Intensity.swift */ = {isa = PBXFileReference; lastKnownFileType = sourcecode.swift; path = Intensity.swift; sourceTree = "<group>"; };
		F2F56F682A50382E00849DBE /* Invert.swift */ = {isa = PBXFileReference; lastKnownFileType = sourcecode.swift; path = Invert.swift; sourceTree = "<group>"; };
		F2F56F6C2A50387E00849DBE /* Posterize.swift */ = {isa = PBXFileReference; lastKnownFileType = sourcecode.swift; path = Posterize.swift; sourceTree = "<group>"; };
		F2F56F742A5038E500849DBE /* StaticNoise.swift */ = {isa = PBXFileReference; lastKnownFileType = sourcecode.swift; path = StaticNoise.swift; sourceTree = "<group>"; };
/* End PBXFileReference section */

/* Begin PBXFrameworksBuildPhase section */
		518EAA92264EE37A00B057E5 /* Frameworks */ = {
			isa = PBXFrameworksBuildPhase;
			buildActionMask = 2147483647;
			files = (
				F2F56F4D2A502B5000849DBE /* Wave in Frameworks */,
			);
			runOnlyForDeploymentPostprocessing = 0;
		};
/* End PBXFrameworksBuildPhase section */

/* Begin PBXGroup section */
		518EAA8C264EE37A00B057E5 = {
			isa = PBXGroup;
			children = (
				518EAA97264EE37A00B057E5 /* Metallurgy */,
				518EAA96264EE37A00B057E5 /* Products */,
			);
			sourceTree = "<group>";
		};
		518EAA96264EE37A00B057E5 /* Products */ = {
			isa = PBXGroup;
			children = (
				518EAA95264EE37A00B057E5 /* Metallurgy.app */,
			);
			name = Products;
			sourceTree = "<group>";
		};
		518EAA97264EE37A00B057E5 /* Metallurgy */ = {
			isa = PBXGroup;
			children = (
				F23754462A518DA9003B2BEB /* Info.plist */,
				F23754442A518D80003B2BEB /* Media.xcassets */,
				518EAA98264EE37A00B057E5 /* MetalShaderShowcases.swift */,
				F29FE6552A45B93400EAAC87 /* Models */,
				F2BCB1122A42FE410010EBF7 /* Views */,
			);
			path = Metallurgy;
			sourceTree = "<group>";
		};
		F21878772A41DC3600640BAA /* Shaders */ = {
			isa = PBXGroup;
			children = (
				F272720F2A54CAD5007E9FC5 /* Random Colors */,
				F237542C2A5189F1003B2BEB /* Blacklight */,
				F237542D2A5189FE003B2BEB /* Bloom */,
				F237542E2A518A03003B2BEB /* Chromatic Abberation */,
				F237542F2A518A56003B2BEB /* Color Channel Mixer */,
				F23754302A518A62003B2BEB /* Contrast */,
				F23754312A518A69003B2BEB /* Deepfry */,
				F23754322A518A75003B2BEB /* Dithering */,
				F237543F2A518D2E003B2BEB /* Edge Detection */,
				F23754342A518A93003B2BEB /* Greyscale */,
				F23754352A518A9B003B2BEB /* Halftone */,
				F23754362A518AA2003B2BEB /* Infrared */,
				F23754372A518AAB003B2BEB /* Intensity */,
				F23754382A518AB0003B2BEB /* Invert */,
				F23754392A518ACA003B2BEB /* Loupe Magnification */,
				F237543A2A518ADA003B2BEB /* Posterize */,
				F27272082A54BAD4007E9FC5 /* Static Noise */,
				F237543B2A518AE4003B2BEB /* VHS */,
				F237542A2A5189BC003B2BEB /* Sepia */,
				F237542B2A5189D9003B2BEB /* Waves */,
			);
			path = Shaders;
			sourceTree = "<group>";
		};
		F225252C2A48CAEA005352D4 /* Components */ = {
			isa = PBXGroup;
			children = (
				F22525292A48896F005352D4 /* ParameterButtton.swift */,
				F259E6602A4B2655006E7CF1 /* CategoryButton.swift */,
			);
			path = Components;
			sourceTree = "<group>";
		};
		F237542A2A5189BC003B2BEB /* Sepia */ = {
			isa = PBXGroup;
			children = (
				F29FE64F2A45942F00EAAC87 /* Sepia.metal */,
				F2BCB1102A4258A10010EBF7 /* Sepia.swift */,
			);
			path = Sepia;
			sourceTree = "<group>";
		};
		F237542B2A5189D9003B2BEB /* Waves */ = {
			isa = PBXGroup;
			children = (
				F259E6692A4B71FD006E7CF1 /* Waves.metal */,
				F259E6672A4B71E3006E7CF1 /* Waves.swift */,
			);
			path = Waves;
			sourceTree = "<group>";
		};
		F237542C2A5189F1003B2BEB /* Blacklight */ = {
			isa = PBXGroup;
			children = (
				F2F56F4E2A5037C500849DBE /* Blacklight.swift */,
				F2DB79422A4F99B300C2F727 /* Blacklight.metal */,
			);
			path = Blacklight;
			sourceTree = "<group>";
		};
		F237542D2A5189FE003B2BEB /* Bloom */ = {
			isa = PBXGroup;
			children = (
				F2F56F502A5037C900849DBE /* Bloom.swift */,
				F2DB794E2A4F9AAB00C2F727 /* Bloom.metal */,
			);
			path = Bloom;
			sourceTree = "<group>";
		};
		F237542E2A518A03003B2BEB /* Chromatic Abberation */ = {
			isa = PBXGroup;
			children = (
				F2B997632A470FE500F872D3 /* ChromaticAbberation.metal */,
				F2B997652A47106E00F872D3 /* ChromaticAbberation.swift */,
			);
			path = "Chromatic Abberation";
			sourceTree = "<group>";
		};
		F237542F2A518A56003B2BEB /* Color Channel Mixer */ = {
			isa = PBXGroup;
			children = (
				F2DB79482A4F9A7100C2F727 /* ColorChannel.metal */,
				F2F56F522A5037D400849DBE /* ColorChannelMixer.swift */,
			);
			path = "Color Channel Mixer";
			sourceTree = "<group>";
		};
		F23754302A518A62003B2BEB /* Contrast */ = {
			isa = PBXGroup;
			children = (
				F2DB79372A4EF19600C2F727 /* Contrast.metal */,
				F2F56F542A5037DC00849DBE /* Contrast.swift */,
			);
			path = Contrast;
			sourceTree = "<group>";
		};
		F23754312A518A69003B2BEB /* Deepfry */ = {
			isa = PBXGroup;
			children = (
				F2DB79462A4F99F500C2F727 /* Deepfry.metal */,
				F2F56F562A5037E100849DBE /* Deepfry.swift */,
			);
			path = Deepfry;
			sourceTree = "<group>";
		};
		F23754322A518A75003B2BEB /* Dithering */ = {
			isa = PBXGroup;
			children = (
				F2DB794C2A4F9A8D00C2F727 /* Dithering.metal */,
				F2F56F5A2A5037F500849DBE /* Dithering.swift */,
			);
			path = Dithering;
			sourceTree = "<group>";
		};
		F23754342A518A93003B2BEB /* Greyscale */ = {
			isa = PBXGroup;
			children = (
				F2DB79402A4F98E300C2F727 /* Greyscale.metal */,
				F2F56F602A50380400849DBE /* Greyscale.swift */,
			);
			path = Greyscale;
			sourceTree = "<group>";
		};
		F23754352A518A9B003B2BEB /* Halftone */ = {
			isa = PBXGroup;
			children = (
				F2DB79562A4F9ADA00C2F727 /* Halftone.metal */,
				F2F56F622A50380800849DBE /* Halftone.swift */,
			);
			path = Halftone;
			sourceTree = "<group>";
		};
		F23754362A518AA2003B2BEB /* Infrared */ = {
			isa = PBXGroup;
			children = (
				F2DB79542A4F9ACD00C2F727 /* Infrared.metal */,
				F2F56F642A50380E00849DBE /* Infrared.swift */,
			);
			path = Infrared;
			sourceTree = "<group>";
		};
		F23754372A518AAB003B2BEB /* Intensity */ = {
			isa = PBXGroup;
			children = (
				F2DB793E2A4F984800C2F727 /* Intensity.metal */,
				F23166AF2A53877E00C3078B /* Exposure.metal */,
				F2F56F662A50382A00849DBE /* Intensity.swift */,
			);
			path = Intensity;
			sourceTree = "<group>";
		};
		F23754382A518AB0003B2BEB /* Invert */ = {
			isa = PBXGroup;
			children = (
				F2DB793A2A4F961B00C2F727 /* Invert.metal */,
				F2F56F682A50382E00849DBE /* Invert.swift */,
			);
			path = Invert;
			sourceTree = "<group>";
		};
		F23754392A518ACA003B2BEB /* Loupe Magnification */ = {
			isa = PBXGroup;
			children = (
				F2F56F492A5010E300849DBE /* Loupe.metal */,
				F260EACC2A4CEC2600EA5E0F /* Loupe.swift */,
			);
			path = "Loupe Magnification";
			sourceTree = "<group>";
		};
		F237543A2A518ADA003B2BEB /* Posterize */ = {
			isa = PBXGroup;
			children = (
				F2DB79522A4F9AC000C2F727 /* Posterize.metal */,
				F2F56F6C2A50387E00849DBE /* Posterize.swift */,
			);
			path = Posterize;
			sourceTree = "<group>";
		};
		F237543B2A518AE4003B2BEB /* VHS */ = {
			isa = PBXGroup;
			children = (
				F27272092A54BAE7007E9FC5 /* VHS.swift */,
				F260EACA2A4CEB8800EA5E0F /* VHS.metal */,
			);
			path = VHS;
			sourceTree = "<group>";
		};
		F237543F2A518D2E003B2BEB /* Edge Detection */ = {
			isa = PBXGroup;
			children = (
				F23754402A518D2E003B2BEB /* EdgeDetection.metal */,
				F23754412A518D2E003B2BEB /* EdgeDetection.swift */,
			);
			path = "Edge Detection";
			sourceTree = "<group>";
		};
		F24E928C2A4B87B400176603 /* Home */ = {
			isa = PBXGroup;
			children = (
				F259E65E2A4B12D5006E7CF1 /* DocumentationView.swift */,
				518EAA9A264EE37A00B057E5 /* ContentView.swift */,
				F259E6622A4B3DB3006E7CF1 /* LibraryView.swift */,
			);
			path = Home;
			sourceTree = "<group>";
		};
		F27272082A54BAD4007E9FC5 /* Static Noise */ = {
			isa = PBXGroup;
			children = (
				F2F56F742A5038E500849DBE /* StaticNoise.swift */,
				F23166AD2A5382DA00C3078B /* StaticNoise.metal */,
			);
			path = "Static Noise";
			sourceTree = "<group>";
		};
		F272720F2A54CAD5007E9FC5 /* Random Colors */ = {
			isa = PBXGroup;
			children = (
				F272720B2A54C1C6007E9FC5 /* RandomColors.metal */,
				F272720D2A54CABD007E9FC5 /* RandomColors.swift */,
			);
			path = "Random Colors";
			sourceTree = "<group>";
		};
		F29FE64E2A45940F00EAAC87 /* Showcase */ = {
			isa = PBXGroup;
			children = (
				F2339D512A434E5500FAAD78 /* ShowcaseImage.swift */,
				F237CD532A536D5600A6FA3A /* ShowcaseVideo.swift */,
				F22525272A486E14005352D4 /* ShowcaseHeading.swift */,
				F2B997672A47B64200F872D3 /* ShowcaseParameter.swift */,
			);
			path = Showcase;
			sourceTree = "<group>";
		};
		F29FE6552A45B93400EAAC87 /* Models */ = {
			isa = PBXGroup;
			children = (
				F29FE6532A45B78F00EAAC87 /* Shader.swift */,
			);
			path = Models;
			sourceTree = "<group>";
		};
		F2BCB1122A42FE410010EBF7 /* Views */ = {
			isa = PBXGroup;
			children = (
				F225252C2A48CAEA005352D4 /* Components */,
				F24E928C2A4B87B400176603 /* Home */,
				F21878772A41DC3600640BAA /* Shaders */,
				F29FE64E2A45940F00EAAC87 /* Showcase */,
			);
			path = Views;
			sourceTree = "<group>";
		};
/* End PBXGroup section */

/* Begin PBXNativeTarget section */
		518EAA94264EE37A00B057E5 /* Metallurgy */ = {
			isa = PBXNativeTarget;
			buildConfigurationList = 518EAAA4264EE37B00B057E5 /* Build configuration list for PBXNativeTarget "Metallurgy" */;
			buildPhases = (
				518EAA91264EE37A00B057E5 /* Sources */,
				518EAA92264EE37A00B057E5 /* Frameworks */,
				518EAA93264EE37A00B057E5 /* Resources */,
			);
			buildRules = (
			);
			dependencies = (
			);
			name = Metallurgy;
			packageProductDependencies = (
				F2F56F4C2A502B5000849DBE /* Wave */,
			);
			productName = SwiftUIByExample;
			productReference = 518EAA95264EE37A00B057E5 /* Metallurgy.app */;
			productType = "com.apple.product-type.application";
		};
/* End PBXNativeTarget section */

/* Begin PBXProject section */
		518EAA8D264EE37A00B057E5 /* Project object */ = {
			isa = PBXProject;
			attributes = {
				BuildIndependentTargetsInParallel = YES;
				LastSwiftUpdateCheck = 1250;
				LastUpgradeCheck = 1500;
				TargetAttributes = {
					518EAA94264EE37A00B057E5 = {
						CreatedOnToolsVersion = 12.5;
					};
				};
			};
			buildConfigurationList = 518EAA90264EE37A00B057E5 /* Build configuration list for PBXProject "Metallurgy" */;
			compatibilityVersion = "Xcode 9.3";
			developmentRegion = en;
			hasScannedForEncodings = 0;
			knownRegions = (
				en,
				Base,
			);
			mainGroup = 518EAA8C264EE37A00B057E5;
			packageReferences = (
				F2F56F4B2A502B5000849DBE /* XCRemoteSwiftPackageReference "Wave" */,
			);
			productRefGroup = 518EAA96264EE37A00B057E5 /* Products */;
			projectDirPath = "";
			projectRoot = "";
			targets = (
				518EAA94264EE37A00B057E5 /* Metallurgy */,
			);
		};
/* End PBXProject section */

/* Begin PBXResourcesBuildPhase section */
		518EAA93264EE37A00B057E5 /* Resources */ = {
			isa = PBXResourcesBuildPhase;
			buildActionMask = 2147483647;
			files = (
				F23754452A518D80003B2BEB /* Media.xcassets in Resources */,
			);
			runOnlyForDeploymentPostprocessing = 0;
		};
/* End PBXResourcesBuildPhase section */

/* Begin PBXSourcesBuildPhase section */
		518EAA91264EE37A00B057E5 /* Sources */ = {
			isa = PBXSourcesBuildPhase;
			buildActionMask = 2147483647;
			files = (
				F29917762A4308B0005DBC70 /* Sepia.swift in Sources */,
				F225252A2A48896F005352D4 /* ParameterButtton.swift in Sources */,
				F2F56F652A50380E00849DBE /* Infrared.swift in Sources */,
				F2DB794D2A4F9A8D00C2F727 /* Dithering.metal in Sources */,
				F2B997682A47B64200F872D3 /* ShowcaseParameter.swift in Sources */,
				F23166AE2A5382DA00C3078B /* StaticNoise.metal in Sources */,
				F2DB79412A4F98E300C2F727 /* Greyscale.metal in Sources */,
				F2DB794F2A4F9AAB00C2F727 /* Bloom.metal in Sources */,
				F22525282A486E14005352D4 /* ShowcaseHeading.swift in Sources */,
				F2F56F512A5037C900849DBE /* Bloom.swift in Sources */,
				F259E65F2A4B12D5006E7CF1 /* DocumentationView.swift in Sources */,
				F272720E2A54CABD007E9FC5 /* RandomColors.swift in Sources */,
				F272720C2A54C1C6007E9FC5 /* RandomColors.metal in Sources */,
				F23166B02A53877F00C3078B /* Exposure.metal in Sources */,
				F2DB793F2A4F984800C2F727 /* Intensity.metal in Sources */,
				F2DB79492A4F9A7100C2F727 /* ColorChannel.metal in Sources */,
				F260EACB2A4CEB8800EA5E0F /* VHS.metal in Sources */,
				F237CD542A536D5600A6FA3A /* ShowcaseVideo.swift in Sources */,
				F2B997642A470FE500F872D3 /* ChromaticAbberation.metal in Sources */,
				F259E6682A4B71E3006E7CF1 /* Waves.swift in Sources */,
				F2B997662A47106E00F872D3 /* ChromaticAbberation.swift in Sources */,
				F2F56F4A2A5010E300849DBE /* Loupe.metal in Sources */,
				F29917812A4308B0005DBC70 /* MetalShaderShowcases.swift in Sources */,
				F260EACD2A4CEC2600EA5E0F /* Loupe.swift in Sources */,
				F259E66A2A4B71FD006E7CF1 /* Waves.metal in Sources */,
				F2F56F4F2A5037C500849DBE /* Blacklight.swift in Sources */,
				F2F56F532A5037D400849DBE /* ColorChannelMixer.swift in Sources */,
				F23754422A518D2E003B2BEB /* EdgeDetection.metal in Sources */,
				F2F56F5B2A5037F500849DBE /* Dithering.swift in Sources */,
				F2F56F6D2A50387E00849DBE /* Posterize.swift in Sources */,
				F2DB793B2A4F961B00C2F727 /* Invert.metal in Sources */,
				F2DB79382A4EF19600C2F727 /* Contrast.metal in Sources */,
				F29FE6542A45B78F00EAAC87 /* Shader.swift in Sources */,
				F2DB79472A4F99F500C2F727 /* Deepfry.metal in Sources */,
				F2339D522A434E5500FAAD78 /* ShowcaseImage.swift in Sources */,
				F2DB79532A4F9AC000C2F727 /* Posterize.metal in Sources */,
				F259E6612A4B2655006E7CF1 /* CategoryButton.swift in Sources */,
				F2F56F632A50380900849DBE /* Halftone.swift in Sources */,
				F2DB79432A4F99B300C2F727 /* Blacklight.metal in Sources */,
				F29FE6502A45942F00EAAC87 /* Sepia.metal in Sources */,
				F2F56F752A5038E500849DBE /* StaticNoise.swift in Sources */,
				F2F56F672A50382A00849DBE /* Intensity.swift in Sources */,
				F2F56F552A5037DC00849DBE /* Contrast.swift in Sources */,
				F259E6632A4B3DB3006E7CF1 /* LibraryView.swift in Sources */,
				F2F56F612A50380400849DBE /* Greyscale.swift in Sources */,
				F2F56F572A5037E100849DBE /* Deepfry.swift in Sources */,
				F2DB79572A4F9ADA00C2F727 /* Halftone.metal in Sources */,
				F2F56F692A50382E00849DBE /* Invert.swift in Sources */,
				F23754432A518D2E003B2BEB /* EdgeDetection.swift in Sources */,
				F272720A2A54BAE7007E9FC5 /* VHS.swift in Sources */,
				F29917822A4308B0005DBC70 /* ContentView.swift in Sources */,
				F2DB79552A4F9ACD00C2F727 /* Infrared.metal in Sources */,
			);
			runOnlyForDeploymentPostprocessing = 0;
		};
/* End PBXSourcesBuildPhase section */

/* Begin XCBuildConfiguration section */
		518EAAA2264EE37B00B057E5 /* Debug */ = {
			isa = XCBuildConfiguration;
			buildSettings = {
				ALWAYS_SEARCH_USER_PATHS = NO;
				ASSETCATALOG_COMPILER_GENERATE_SWIFT_ASSET_SYMBOL_EXTENSIONS = YES;
				CLANG_ANALYZER_NONNULL = YES;
				CLANG_ANALYZER_NUMBER_OBJECT_CONVERSION = YES_AGGRESSIVE;
				CLANG_CXX_LANGUAGE_STANDARD = "gnu++14";
				CLANG_CXX_LIBRARY = "libc++";
				CLANG_ENABLE_MODULES = YES;
				CLANG_ENABLE_OBJC_ARC = YES;
				CLANG_ENABLE_OBJC_WEAK = YES;
				CLANG_WARN_BLOCK_CAPTURE_AUTORELEASING = YES;
				CLANG_WARN_BOOL_CONVERSION = YES;
				CLANG_WARN_COMMA = YES;
				CLANG_WARN_CONSTANT_CONVERSION = YES;
				CLANG_WARN_DEPRECATED_OBJC_IMPLEMENTATIONS = YES;
				CLANG_WARN_DIRECT_OBJC_ISA_USAGE = YES_ERROR;
				CLANG_WARN_DOCUMENTATION_COMMENTS = YES;
				CLANG_WARN_EMPTY_BODY = YES;
				CLANG_WARN_ENUM_CONVERSION = YES;
				CLANG_WARN_INFINITE_RECURSION = YES;
				CLANG_WARN_INT_CONVERSION = YES;
				CLANG_WARN_NON_LITERAL_NULL_CONVERSION = YES;
				CLANG_WARN_OBJC_IMPLICIT_RETAIN_SELF = YES;
				CLANG_WARN_OBJC_LITERAL_CONVERSION = YES;
				CLANG_WARN_OBJC_ROOT_CLASS = YES_ERROR;
				CLANG_WARN_QUOTED_INCLUDE_IN_FRAMEWORK_HEADER = YES;
				CLANG_WARN_RANGE_LOOP_ANALYSIS = YES;
				CLANG_WARN_STRICT_PROTOTYPES = YES;
				CLANG_WARN_SUSPICIOUS_MOVE = YES;
				CLANG_WARN_UNGUARDED_AVAILABILITY = YES_AGGRESSIVE;
				CLANG_WARN_UNREACHABLE_CODE = YES;
				CLANG_WARN__DUPLICATE_METHOD_MATCH = YES;
				COPY_PHASE_STRIP = NO;
				DEBUG_INFORMATION_FORMAT = dwarf;
				ENABLE_STRICT_OBJC_MSGSEND = YES;
				ENABLE_TESTABILITY = YES;
				ENABLE_USER_SCRIPT_SANDBOXING = YES;
				GCC_C_LANGUAGE_STANDARD = gnu11;
				GCC_DYNAMIC_NO_PIC = NO;
				GCC_NO_COMMON_BLOCKS = YES;
				GCC_OPTIMIZATION_LEVEL = 0;
				GCC_PREPROCESSOR_DEFINITIONS = (
					"DEBUG=1",
					"$(inherited)",
				);
				GCC_WARN_64_TO_32_BIT_CONVERSION = YES;
				GCC_WARN_ABOUT_RETURN_TYPE = YES_ERROR;
				GCC_WARN_UNDECLARED_SELECTOR = YES;
				GCC_WARN_UNINITIALIZED_AUTOS = YES_AGGRESSIVE;
				GCC_WARN_UNUSED_FUNCTION = YES;
				GCC_WARN_UNUSED_VARIABLE = YES;
				IPHONEOS_DEPLOYMENT_TARGET = 16.1;
				MTL_ENABLE_DEBUG_INFO = INCLUDE_SOURCE;
				MTL_FAST_MATH = YES;
				ONLY_ACTIVE_ARCH = YES;
				SDKROOT = iphoneos;
				SWIFT_ACTIVE_COMPILATION_CONDITIONS = DEBUG;
				SWIFT_OPTIMIZATION_LEVEL = "-Onone";
			};
			name = Debug;
		};
		518EAAA3264EE37B00B057E5 /* Release */ = {
			isa = XCBuildConfiguration;
			buildSettings = {
				ALWAYS_SEARCH_USER_PATHS = NO;
				ASSETCATALOG_COMPILER_GENERATE_SWIFT_ASSET_SYMBOL_EXTENSIONS = YES;
				CLANG_ANALYZER_NONNULL = YES;
				CLANG_ANALYZER_NUMBER_OBJECT_CONVERSION = YES_AGGRESSIVE;
				CLANG_CXX_LANGUAGE_STANDARD = "gnu++14";
				CLANG_CXX_LIBRARY = "libc++";
				CLANG_ENABLE_MODULES = YES;
				CLANG_ENABLE_OBJC_ARC = YES;
				CLANG_ENABLE_OBJC_WEAK = YES;
				CLANG_WARN_BLOCK_CAPTURE_AUTORELEASING = YES;
				CLANG_WARN_BOOL_CONVERSION = YES;
				CLANG_WARN_COMMA = YES;
				CLANG_WARN_CONSTANT_CONVERSION = YES;
				CLANG_WARN_DEPRECATED_OBJC_IMPLEMENTATIONS = YES;
				CLANG_WARN_DIRECT_OBJC_ISA_USAGE = YES_ERROR;
				CLANG_WARN_DOCUMENTATION_COMMENTS = YES;
				CLANG_WARN_EMPTY_BODY = YES;
				CLANG_WARN_ENUM_CONVERSION = YES;
				CLANG_WARN_INFINITE_RECURSION = YES;
				CLANG_WARN_INT_CONVERSION = YES;
				CLANG_WARN_NON_LITERAL_NULL_CONVERSION = YES;
				CLANG_WARN_OBJC_IMPLICIT_RETAIN_SELF = YES;
				CLANG_WARN_OBJC_LITERAL_CONVERSION = YES;
				CLANG_WARN_OBJC_ROOT_CLASS = YES_ERROR;
				CLANG_WARN_QUOTED_INCLUDE_IN_FRAMEWORK_HEADER = YES;
				CLANG_WARN_RANGE_LOOP_ANALYSIS = YES;
				CLANG_WARN_STRICT_PROTOTYPES = YES;
				CLANG_WARN_SUSPICIOUS_MOVE = YES;
				CLANG_WARN_UNGUARDED_AVAILABILITY = YES_AGGRESSIVE;
				CLANG_WARN_UNREACHABLE_CODE = YES;
				CLANG_WARN__DUPLICATE_METHOD_MATCH = YES;
				COPY_PHASE_STRIP = NO;
				DEBUG_INFORMATION_FORMAT = "dwarf-with-dsym";
				ENABLE_NS_ASSERTIONS = NO;
				ENABLE_STRICT_OBJC_MSGSEND = YES;
				ENABLE_USER_SCRIPT_SANDBOXING = YES;
				GCC_C_LANGUAGE_STANDARD = gnu11;
				GCC_NO_COMMON_BLOCKS = YES;
				GCC_WARN_64_TO_32_BIT_CONVERSION = YES;
				GCC_WARN_ABOUT_RETURN_TYPE = YES_ERROR;
				GCC_WARN_UNDECLARED_SELECTOR = YES;
				GCC_WARN_UNINITIALIZED_AUTOS = YES_AGGRESSIVE;
				GCC_WARN_UNUSED_FUNCTION = YES;
				GCC_WARN_UNUSED_VARIABLE = YES;
				IPHONEOS_DEPLOYMENT_TARGET = 16.1;
				MTL_ENABLE_DEBUG_INFO = NO;
				MTL_FAST_MATH = YES;
				SDKROOT = iphoneos;
				SWIFT_COMPILATION_MODE = wholemodule;
				SWIFT_OPTIMIZATION_LEVEL = "-O";
				VALIDATE_PRODUCT = YES;
			};
			name = Release;
		};
		518EAAA5264EE37B00B057E5 /* Debug */ = {
			isa = XCBuildConfiguration;
			buildSettings = {
				ASSETCATALOG_COMPILER_APPICON_NAME = AppIcon;
				ASSETCATALOG_COMPILER_GLOBAL_ACCENT_COLOR_NAME = AccentColor;
				CODE_SIGN_STYLE = Automatic;
				DEVELOPMENT_TEAM = "";
				ENABLE_PREVIEWS = YES;
				INFOPLIST_FILE = Metallurgy/Info.plist;
				IPHONEOS_DEPLOYMENT_TARGET = 17.0;
				LD_RUNPATH_SEARCH_PATHS = (
					"$(inherited)",
					"@executable_path/Frameworks",
				);
				MTLLINKER_FLAGS = "";
				MTL_COMPILER_FLAGS = "-fcikernel";
				PRODUCT_BUNDLE_IDENTIFIER = com.community.shaders;
				PRODUCT_NAME = "$(TARGET_NAME)";
				SWIFT_VERSION = 5.0;
				TARGETED_DEVICE_FAMILY = "1,2";
			};
			name = Debug;
		};
		518EAAA6264EE37B00B057E5 /* Release */ = {
			isa = XCBuildConfiguration;
			buildSettings = {
				ASSETCATALOG_COMPILER_APPICON_NAME = AppIcon;
				ASSETCATALOG_COMPILER_GLOBAL_ACCENT_COLOR_NAME = AccentColor;
				CODE_SIGN_STYLE = Automatic;
				DEVELOPMENT_TEAM = "";
				ENABLE_PREVIEWS = YES;
				INFOPLIST_FILE = Metallurgy/Info.plist;
				IPHONEOS_DEPLOYMENT_TARGET = 17.0;
				LD_RUNPATH_SEARCH_PATHS = (
					"$(inherited)",
					"@executable_path/Frameworks",
				);
				MTLLINKER_FLAGS = "";
				MTL_COMPILER_FLAGS = "-fcikernel";
				PRODUCT_BUNDLE_IDENTIFIER = com.community.shaders;
				PRODUCT_NAME = "$(TARGET_NAME)";
				SWIFT_VERSION = 5.0;
				TARGETED_DEVICE_FAMILY = "1,2";
			};
			name = Release;
		};
/* End XCBuildConfiguration section */

/* Begin XCConfigurationList section */
		518EAA90264EE37A00B057E5 /* Build configuration list for PBXProject "Metallurgy" */ = {
			isa = XCConfigurationList;
			buildConfigurations = (
				518EAAA2264EE37B00B057E5 /* Debug */,
				518EAAA3264EE37B00B057E5 /* Release */,
			);
			defaultConfigurationIsVisible = 0;
			defaultConfigurationName = Release;
		};
		518EAAA4264EE37B00B057E5 /* Build configuration list for PBXNativeTarget "Metallurgy" */ = {
			isa = XCConfigurationList;
			buildConfigurations = (
				518EAAA5264EE37B00B057E5 /* Debug */,
				518EAAA6264EE37B00B057E5 /* Release */,
			);
			defaultConfigurationIsVisible = 0;
			defaultConfigurationName = Release;
		};
/* End XCConfigurationList section */

/* Begin XCRemoteSwiftPackageReference section */
		F2F56F4B2A502B5000849DBE /* XCRemoteSwiftPackageReference "Wave" */ = {
			isa = XCRemoteSwiftPackageReference;
			repositoryURL = "https://github.com/jtrivedi/Wave";
			requirement = {
				kind = upToNextMajorVersion;
				minimumVersion = 0.3.2;
			};
		};
/* End XCRemoteSwiftPackageReference section */

/* Begin XCSwiftPackageProductDependency section */
		F2F56F4C2A502B5000849DBE /* Wave */ = {
			isa = XCSwiftPackageProductDependency;
			package = F2F56F4B2A502B5000849DBE /* XCRemoteSwiftPackageReference "Wave" */;
			productName = Wave;
		};
/* End XCSwiftPackageProductDependency section */
	};
	rootObject = 518EAA8D264EE37A00B057E5 /* Project object */;
}
