// !$*UTF8*$!
{
	archiveVersion = 1;
	classes = {
	};
	objectVersion = 54;
	objects = {

/* Begin PBXBuildFile section */
		F20AB2B92A66A8C200EF310F /* Parameters.swift in Sources */ = {isa = PBXBuildFile; fileRef = F20AB2B82A66A8C200EF310F /* Parameters.swift */; };
		F20AB2BB2A66A8E300EF310F /* Complexity.swift in Sources */ = {isa = PBXBuildFile; fileRef = F20AB2BA2A66A8E300EF310F /* Complexity.swift */; };
		F20AB2BD2A66A90900EF310F /* Categories.swift in Sources */ = {isa = PBXBuildFile; fileRef = F20AB2BC2A66A90900EF310F /* Categories.swift */; };
		F20AB2BF2A66A93200EF310F /* SortingOptions.swift in Sources */ = {isa = PBXBuildFile; fileRef = F20AB2BE2A66A93200EF310F /* SortingOptions.swift */; };
		F20AB2C12A66A94900EF310F /* Argument.swift in Sources */ = {isa = PBXBuildFile; fileRef = F20AB2C02A66A94900EF310F /* Argument.swift */; };
		F22525282A486E14005352D4 /* ShowcaseHeading.swift in Sources */ = {isa = PBXBuildFile; fileRef = F22525272A486E14005352D4 /* ShowcaseHeading.swift */; };
		F226E17F2A5D557F000DEF09 /* ShowcaseModelView.swift in Sources */ = {isa = PBXBuildFile; fileRef = F226E17E2A5D557F000DEF09 /* ShowcaseModelView.swift */; };
		F22CA78D2A5714B600EE2EB2 /* ShowcaseLink.swift in Sources */ = {isa = PBXBuildFile; fileRef = F22CA78C2A5714B600EE2EB2 /* ShowcaseLink.swift */; };
		F23166AE2A5382DA00C3078B /* TelevisionStatic.metal in Sources */ = {isa = PBXBuildFile; fileRef = F23166AD2A5382DA00C3078B /* TelevisionStatic.metal */; };
		F23166B02A53877F00C3078B /* Exposure.metal in Sources */ = {isa = PBXBuildFile; fileRef = F23166AF2A53877E00C3078B /* Exposure.metal */; };
		F233012C2A601F7D006AB30E /* ShowcaseEffectModifiers.swift in Sources */ = {isa = PBXBuildFile; fileRef = F233012B2A601F7D006AB30E /* ShowcaseEffectModifiers.swift */; };
		F233012E2A60AF3D006AB30E /* SectionHeader.swift in Sources */ = {isa = PBXBuildFile; fileRef = F233012D2A60AF3D006AB30E /* SectionHeader.swift */; };
		F23301302A613FBB006AB30E /* ChromaticAbberation(Time).metal in Sources */ = {isa = PBXBuildFile; fileRef = F233012F2A613FBB006AB30E /* ChromaticAbberation(Time).metal */; };
		F23301352A6142CD006AB30E /* Complex Wave.metal in Sources */ = {isa = PBXBuildFile; fileRef = F23301342A6142CD006AB30E /* Complex Wave.metal */; };
		F2339D522A434E5500FAAD78 /* ShowcaseImage.swift in Sources */ = {isa = PBXBuildFile; fileRef = F2339D512A434E5500FAAD78 /* ShowcaseImage.swift */; };
		F23754422A518D2E003B2BEB /* EdgeDetection.metal in Sources */ = {isa = PBXBuildFile; fileRef = F23754402A518D2E003B2BEB /* EdgeDetection.metal */; };
		F23754452A518D80003B2BEB /* Media.xcassets in Resources */ = {isa = PBXBuildFile; fileRef = F23754442A518D80003B2BEB /* Media.xcassets */; };
		F237CD542A536D5600A6FA3A /* ShowcaseVideo.swift in Sources */ = {isa = PBXBuildFile; fileRef = F237CD532A536D5600A6FA3A /* ShowcaseVideo.swift */; };
		F259E6612A4B2655006E7CF1 /* CategoryButton.swift in Sources */ = {isa = PBXBuildFile; fileRef = F259E6602A4B2655006E7CF1 /* CategoryButton.swift */; };
		F259E66A2A4B71FD006E7CF1 /* Simple Waves.metal in Sources */ = {isa = PBXBuildFile; fileRef = F259E6692A4B71FD006E7CF1 /* Simple Waves.metal */; };
		F260EACB2A4CEB8800EA5E0F /* VideoHomeSystem.metal in Sources */ = {isa = PBXBuildFile; fileRef = F260EACA2A4CEB8800EA5E0F /* VideoHomeSystem.metal */; };
		F272720C2A54C1C6007E9FC5 /* RandomColors.metal in Sources */ = {isa = PBXBuildFile; fileRef = F272720B2A54C1C6007E9FC5 /* RandomColors.metal */; };
		F2918BB72A5C5FFE00CF328B /* ShowcaseContextMenu.swift in Sources */ = {isa = PBXBuildFile; fileRef = F2918BB62A5C5FFE00CF328B /* ShowcaseContextMenu.swift */; };
		F29917812A4308B0005DBC70 /* Metallurgy.swift in Sources */ = {isa = PBXBuildFile; fileRef = 518EAA98264EE37A00B057E5 /* Metallurgy.swift */; };
		F29917822A4308B0005DBC70 /* ContentView.swift in Sources */ = {isa = PBXBuildFile; fileRef = 518EAA9A264EE37A00B057E5 /* ContentView.swift */; };
		F29FE6502A45942F00EAAC87 /* Sepia.metal in Sources */ = {isa = PBXBuildFile; fileRef = F29FE64F2A45942F00EAAC87 /* Sepia.metal */; };
		F29FE6542A45B78F00EAAC87 /* ShaderShowcases.swift in Sources */ = {isa = PBXBuildFile; fileRef = F29FE6532A45B78F00EAAC87 /* ShaderShowcases.swift */; };
		F2A0C2292A5EAD1B000F099B /* Showcase.swift in Sources */ = {isa = PBXBuildFile; fileRef = F2A0C2282A5EAD1B000F099B /* Showcase.swift */; };
		F2B997642A470FE500F872D3 /* Chromatic Abberation (Static).metal in Sources */ = {isa = PBXBuildFile; fileRef = F2B997632A470FE500F872D3 /* Chromatic Abberation (Static).metal */; };
		F2B997682A47B64200F872D3 /* ShowcaseParameter.swift in Sources */ = {isa = PBXBuildFile; fileRef = F2B997672A47B64200F872D3 /* ShowcaseParameter.swift */; };
		F2DB79382A4EF19600C2F727 /* Contrast.metal in Sources */ = {isa = PBXBuildFile; fileRef = F2DB79372A4EF19600C2F727 /* Contrast.metal */; };
		F2DB793B2A4F961B00C2F727 /* Invert.metal in Sources */ = {isa = PBXBuildFile; fileRef = F2DB793A2A4F961B00C2F727 /* Invert.metal */; };
		F2DB793F2A4F984800C2F727 /* Intensity.metal in Sources */ = {isa = PBXBuildFile; fileRef = F2DB793E2A4F984800C2F727 /* Intensity.metal */; };
		F2DB79412A4F98E300C2F727 /* Greyscale.metal in Sources */ = {isa = PBXBuildFile; fileRef = F2DB79402A4F98E300C2F727 /* Greyscale.metal */; };
		F2DB79432A4F99B300C2F727 /* Blacklight.metal in Sources */ = {isa = PBXBuildFile; fileRef = F2DB79422A4F99B300C2F727 /* Blacklight.metal */; };
		F2DB79472A4F99F500C2F727 /* Deepfry.metal in Sources */ = {isa = PBXBuildFile; fileRef = F2DB79462A4F99F500C2F727 /* Deepfry.metal */; };
		F2DB79492A4F9A7100C2F727 /* Color Channel Mixer.metal in Sources */ = {isa = PBXBuildFile; fileRef = F2DB79482A4F9A7100C2F727 /* Color Channel Mixer.metal */; };
		F2DB794D2A4F9A8D00C2F727 /* Dithering.metal in Sources */ = {isa = PBXBuildFile; fileRef = F2DB794C2A4F9A8D00C2F727 /* Dithering.metal */; };
		F2DB794F2A4F9AAB00C2F727 /* Bloom.metal in Sources */ = {isa = PBXBuildFile; fileRef = F2DB794E2A4F9AAB00C2F727 /* Bloom.metal */; };
		F2DB79532A4F9AC000C2F727 /* Posterize.metal in Sources */ = {isa = PBXBuildFile; fileRef = F2DB79522A4F9AC000C2F727 /* Posterize.metal */; };
		F2DB79552A4F9ACD00C2F727 /* Infrared.metal in Sources */ = {isa = PBXBuildFile; fileRef = F2DB79542A4F9ACD00C2F727 /* Infrared.metal */; };
/* End PBXBuildFile section */

/* Begin PBXFileReference section */
		518EAA95264EE37A00B057E5 /* Metallurgy.app */ = {isa = PBXFileReference; explicitFileType = wrapper.application; includeInIndex = 0; path = Metallurgy.app; sourceTree = BUILT_PRODUCTS_DIR; };
		518EAA98264EE37A00B057E5 /* Metallurgy.swift */ = {isa = PBXFileReference; lastKnownFileType = sourcecode.swift; path = Metallurgy.swift; sourceTree = "<group>"; };
		518EAA9A264EE37A00B057E5 /* ContentView.swift */ = {isa = PBXFileReference; lastKnownFileType = sourcecode.swift; path = ContentView.swift; sourceTree = "<group>"; };
		F20AB2B82A66A8C200EF310F /* Parameters.swift */ = {isa = PBXFileReference; lastKnownFileType = sourcecode.swift; path = Parameters.swift; sourceTree = "<group>"; };
		F20AB2BA2A66A8E300EF310F /* Complexity.swift */ = {isa = PBXFileReference; lastKnownFileType = sourcecode.swift; path = Complexity.swift; sourceTree = "<group>"; };
		F20AB2BC2A66A90900EF310F /* Categories.swift */ = {isa = PBXFileReference; lastKnownFileType = sourcecode.swift; path = Categories.swift; sourceTree = "<group>"; };
		F20AB2BE2A66A93200EF310F /* SortingOptions.swift */ = {isa = PBXFileReference; lastKnownFileType = sourcecode.swift; path = SortingOptions.swift; sourceTree = "<group>"; };
		F20AB2C02A66A94900EF310F /* Argument.swift */ = {isa = PBXFileReference; lastKnownFileType = sourcecode.swift; path = Argument.swift; sourceTree = "<group>"; };
		F22525272A486E14005352D4 /* ShowcaseHeading.swift */ = {isa = PBXFileReference; lastKnownFileType = sourcecode.swift; path = ShowcaseHeading.swift; sourceTree = "<group>"; };
		F226E17E2A5D557F000DEF09 /* ShowcaseModelView.swift */ = {isa = PBXFileReference; lastKnownFileType = sourcecode.swift; path = ShowcaseModelView.swift; sourceTree = "<group>"; };
		F22CA78C2A5714B600EE2EB2 /* ShowcaseLink.swift */ = {isa = PBXFileReference; lastKnownFileType = sourcecode.swift; path = ShowcaseLink.swift; sourceTree = "<group>"; };
		F23166AD2A5382DA00C3078B /* TelevisionStatic.metal */ = {isa = PBXFileReference; fileEncoding = 4; lastKnownFileType = sourcecode.metal; path = TelevisionStatic.metal; sourceTree = "<group>"; };
		F23166AF2A53877E00C3078B /* Exposure.metal */ = {isa = PBXFileReference; fileEncoding = 4; lastKnownFileType = sourcecode.metal; path = Exposure.metal; sourceTree = "<group>"; };
		F233012B2A601F7D006AB30E /* ShowcaseEffectModifiers.swift */ = {isa = PBXFileReference; lastKnownFileType = sourcecode.swift; path = ShowcaseEffectModifiers.swift; sourceTree = "<group>"; };
		F233012D2A60AF3D006AB30E /* SectionHeader.swift */ = {isa = PBXFileReference; lastKnownFileType = sourcecode.swift; path = SectionHeader.swift; sourceTree = "<group>"; };
		F233012F2A613FBB006AB30E /* ChromaticAbberation(Time).metal */ = {isa = PBXFileReference; fileEncoding = 4; lastKnownFileType = sourcecode.metal; path = "ChromaticAbberation(Time).metal"; sourceTree = "<group>"; };
		F23301342A6142CD006AB30E /* Complex Wave.metal */ = {isa = PBXFileReference; fileEncoding = 4; lastKnownFileType = sourcecode.metal; path = "Complex Wave.metal"; sourceTree = "<group>"; };
		F2339D512A434E5500FAAD78 /* ShowcaseImage.swift */ = {isa = PBXFileReference; lastKnownFileType = sourcecode.swift; path = ShowcaseImage.swift; sourceTree = "<group>"; };
		F23754402A518D2E003B2BEB /* EdgeDetection.metal */ = {isa = PBXFileReference; fileEncoding = 4; lastKnownFileType = sourcecode.metal; path = EdgeDetection.metal; sourceTree = "<group>"; };
		F23754442A518D80003B2BEB /* Media.xcassets */ = {isa = PBXFileReference; lastKnownFileType = folder.assetcatalog; path = Media.xcassets; sourceTree = "<group>"; };
		F23754462A518DA9003B2BEB /* Info.plist */ = {isa = PBXFileReference; lastKnownFileType = text.plist.xml; path = Info.plist; sourceTree = "<group>"; };
		F237CD532A536D5600A6FA3A /* ShowcaseVideo.swift */ = {isa = PBXFileReference; fileEncoding = 4; lastKnownFileType = sourcecode.swift; path = ShowcaseVideo.swift; sourceTree = "<group>"; };
		F259E6602A4B2655006E7CF1 /* CategoryButton.swift */ = {isa = PBXFileReference; lastKnownFileType = sourcecode.swift; path = CategoryButton.swift; sourceTree = "<group>"; };
		F259E6692A4B71FD006E7CF1 /* Simple Waves.metal */ = {isa = PBXFileReference; lastKnownFileType = sourcecode.metal; path = "Simple Waves.metal"; sourceTree = "<group>"; };
		F260EACA2A4CEB8800EA5E0F /* VideoHomeSystem.metal */ = {isa = PBXFileReference; lastKnownFileType = sourcecode.metal; path = VideoHomeSystem.metal; sourceTree = "<group>"; };
		F272720B2A54C1C6007E9FC5 /* RandomColors.metal */ = {isa = PBXFileReference; fileEncoding = 4; lastKnownFileType = sourcecode.metal; path = RandomColors.metal; sourceTree = "<group>"; };
		F2918BB62A5C5FFE00CF328B /* ShowcaseContextMenu.swift */ = {isa = PBXFileReference; lastKnownFileType = sourcecode.swift; path = ShowcaseContextMenu.swift; sourceTree = "<group>"; };
		F29FE64F2A45942F00EAAC87 /* Sepia.metal */ = {isa = PBXFileReference; lastKnownFileType = sourcecode.metal; path = Sepia.metal; sourceTree = "<group>"; };
		F29FE6532A45B78F00EAAC87 /* ShaderShowcases.swift */ = {isa = PBXFileReference; lastKnownFileType = sourcecode.swift; path = ShaderShowcases.swift; sourceTree = "<group>"; };
		F2A0C2282A5EAD1B000F099B /* Showcase.swift */ = {isa = PBXFileReference; fileEncoding = 4; lastKnownFileType = sourcecode.swift; path = Showcase.swift; sourceTree = "<group>"; };
		F2B997632A470FE500F872D3 /* Chromatic Abberation (Static).metal */ = {isa = PBXFileReference; lastKnownFileType = sourcecode.metal; path = "Chromatic Abberation (Static).metal"; sourceTree = "<group>"; };
		F2B997672A47B64200F872D3 /* ShowcaseParameter.swift */ = {isa = PBXFileReference; lastKnownFileType = sourcecode.swift; path = ShowcaseParameter.swift; sourceTree = "<group>"; };
		F2DB79372A4EF19600C2F727 /* Contrast.metal */ = {isa = PBXFileReference; lastKnownFileType = sourcecode.metal; path = Contrast.metal; sourceTree = "<group>"; };
		F2DB793A2A4F961B00C2F727 /* Invert.metal */ = {isa = PBXFileReference; lastKnownFileType = sourcecode.metal; path = Invert.metal; sourceTree = "<group>"; };
		F2DB793E2A4F984800C2F727 /* Intensity.metal */ = {isa = PBXFileReference; lastKnownFileType = sourcecode.metal; path = Intensity.metal; sourceTree = "<group>"; };
		F2DB79402A4F98E300C2F727 /* Greyscale.metal */ = {isa = PBXFileReference; lastKnownFileType = sourcecode.metal; path = Greyscale.metal; sourceTree = "<group>"; };
		F2DB79422A4F99B300C2F727 /* Blacklight.metal */ = {isa = PBXFileReference; lastKnownFileType = sourcecode.metal; path = Blacklight.metal; sourceTree = "<group>"; };
		F2DB79462A4F99F500C2F727 /* Deepfry.metal */ = {isa = PBXFileReference; lastKnownFileType = sourcecode.metal; path = Deepfry.metal; sourceTree = "<group>"; };
		F2DB79482A4F9A7100C2F727 /* Color Channel Mixer.metal */ = {isa = PBXFileReference; lastKnownFileType = sourcecode.metal; path = "Color Channel Mixer.metal"; sourceTree = "<group>"; };
		F2DB794C2A4F9A8D00C2F727 /* Dithering.metal */ = {isa = PBXFileReference; lastKnownFileType = sourcecode.metal; path = Dithering.metal; sourceTree = "<group>"; };
		F2DB794E2A4F9AAB00C2F727 /* Bloom.metal */ = {isa = PBXFileReference; lastKnownFileType = sourcecode.metal; path = Bloom.metal; sourceTree = "<group>"; };
		F2DB79522A4F9AC000C2F727 /* Posterize.metal */ = {isa = PBXFileReference; lastKnownFileType = sourcecode.metal; path = Posterize.metal; sourceTree = "<group>"; };
		F2DB79542A4F9ACD00C2F727 /* Infrared.metal */ = {isa = PBXFileReference; lastKnownFileType = sourcecode.metal; path = Infrared.metal; sourceTree = "<group>"; };
/* End PBXFileReference section */

/* Begin PBXFrameworksBuildPhase section */
		518EAA92264EE37A00B057E5 /* Frameworks */ = {
			isa = PBXFrameworksBuildPhase;
			buildActionMask = 2147483647;
			files = (
			);
			runOnlyForDeploymentPostprocessing = 0;
		};
/* End PBXFrameworksBuildPhase section */

/* Begin PBXGroup section */
		518EAA8C264EE37A00B057E5 = {
			isa = PBXGroup;
			children = (
				518EAA97264EE37A00B057E5 /* Metallurgy */,
				518EAA96264EE37A00B057E5 /* Products */,
			);
			sourceTree = "<group>";
		};
		518EAA96264EE37A00B057E5 /* Products */ = {
			isa = PBXGroup;
			children = (
				518EAA95264EE37A00B057E5 /* Metallurgy.app */,
			);
			name = Products;
			sourceTree = "<group>";
		};
		518EAA97264EE37A00B057E5 /* Metallurgy */ = {
			isa = PBXGroup;
			children = (
				F23754462A518DA9003B2BEB /* Info.plist */,
				F23754442A518D80003B2BEB /* Media.xcassets */,
				F29FE6552A45B93400EAAC87 /* Models */,
				F2A0C2272A5EACBE000F099B /* Shaders */,
				F2BCB1122A42FE410010EBF7 /* Views */,
			);
			path = Metallurgy;
			sourceTree = "<group>";
		};
		F225252C2A48CAEA005352D4 /* Components */ = {
			isa = PBXGroup;
			children = (
				F233012D2A60AF3D006AB30E /* SectionHeader.swift */,
				F259E6602A4B2655006E7CF1 /* CategoryButton.swift */,
			);
			path = Components;
			sourceTree = "<group>";
		};
		F23301312A614247006AB30E /* Color */ = {
			isa = PBXGroup;
			children = (
				F2DB79422A4F99B300C2F727 /* Blacklight.metal */,
				F2DB794E2A4F9AAB00C2F727 /* Bloom.metal */,
				F2DB79482A4F9A7100C2F727 /* Color Channel Mixer.metal */,
				F2DB79372A4EF19600C2F727 /* Contrast.metal */,
				F2DB79462A4F99F500C2F727 /* Deepfry.metal */,
				F23166AF2A53877E00C3078B /* Exposure.metal */,
				F2DB79402A4F98E300C2F727 /* Greyscale.metal */,
				F2DB79542A4F9ACD00C2F727 /* Infrared.metal */,
				F2DB793E2A4F984800C2F727 /* Intensity.metal */,
				F2DB793A2A4F961B00C2F727 /* Invert.metal */,
				F29FE64F2A45942F00EAAC87 /* Sepia.metal */,
			);
			path = Color;
			sourceTree = "<group>";
		};
		F23301322A61424F006AB30E /* Layer */ = {
			isa = PBXGroup;
			children = (
				F2B997632A470FE500F872D3 /* Chromatic Abberation (Static).metal */,
				F233012F2A613FBB006AB30E /* ChromaticAbberation(Time).metal */,
				F2DB794C2A4F9A8D00C2F727 /* Dithering.metal */,
				F23754402A518D2E003B2BEB /* EdgeDetection.metal */,
				F2DB79522A4F9AC000C2F727 /* Posterize.metal */,
				F272720B2A54C1C6007E9FC5 /* RandomColors.metal */,
				F23166AD2A5382DA00C3078B /* TelevisionStatic.metal */,
				F260EACA2A4CEB8800EA5E0F /* VideoHomeSystem.metal */,
			);
			path = Layer;
			sourceTree = "<group>";
		};
		F23301332A614257006AB30E /* Distortion */ = {
			isa = PBXGroup;
			children = (
				F23301342A6142CD006AB30E /* Complex Wave.metal */,
				F259E6692A4B71FD006E7CF1 /* Simple Waves.metal */,
			);
			path = Distortion;
			sourceTree = "<group>";
		};
		F24E928C2A4B87B400176603 /* Home */ = {
			isa = PBXGroup;
			children = (
				518EAA98264EE37A00B057E5 /* Metallurgy.swift */,
				518EAA9A264EE37A00B057E5 /* ContentView.swift */,
			);
			path = Home;
			sourceTree = "<group>";
		};
		F29FE64E2A45940F00EAAC87 /* Showcase */ = {
			isa = PBXGroup;
			children = (
				F2918BB62A5C5FFE00CF328B /* ShowcaseContextMenu.swift */,
				F233012B2A601F7D006AB30E /* ShowcaseEffectModifiers.swift */,
				F22525272A486E14005352D4 /* ShowcaseHeading.swift */,
				F2339D512A434E5500FAAD78 /* ShowcaseImage.swift */,
				F22CA78C2A5714B600EE2EB2 /* ShowcaseLink.swift */,
				F226E17E2A5D557F000DEF09 /* ShowcaseModelView.swift */,
				F2B997672A47B64200F872D3 /* ShowcaseParameter.swift */,
				F237CD532A536D5600A6FA3A /* ShowcaseVideo.swift */,
			);
			path = Showcase;
			sourceTree = "<group>";
		};
		F29FE6552A45B93400EAAC87 /* Models */ = {
			isa = PBXGroup;
			children = (
				F29FE6532A45B78F00EAAC87 /* ShaderShowcases.swift */,
				F2A0C2282A5EAD1B000F099B /* Showcase.swift */,
				F20AB2B82A66A8C200EF310F /* Parameters.swift */,
				F20AB2BA2A66A8E300EF310F /* Complexity.swift */,
				F20AB2BC2A66A90900EF310F /* Categories.swift */,
				F20AB2BE2A66A93200EF310F /* SortingOptions.swift */,
				F20AB2C02A66A94900EF310F /* Argument.swift */,
			);
			path = Models;
			sourceTree = "<group>";
		};
		F2A0C2272A5EACBE000F099B /* Shaders */ = {
			isa = PBXGroup;
			children = (
				F23301312A614247006AB30E /* Color */,
				F23301332A614257006AB30E /* Distortion */,
				F23301322A61424F006AB30E /* Layer */,
			);
			path = Shaders;
			sourceTree = "<group>";
		};
		F2BCB1122A42FE410010EBF7 /* Views */ = {
			isa = PBXGroup;
			children = (
				F225252C2A48CAEA005352D4 /* Components */,
				F24E928C2A4B87B400176603 /* Home */,
				F29FE64E2A45940F00EAAC87 /* Showcase */,
			);
			path = Views;
			sourceTree = "<group>";
		};
/* End PBXGroup section */

/* Begin PBXNativeTarget section */
		518EAA94264EE37A00B057E5 /* Metallurgy */ = {
			isa = PBXNativeTarget;
			buildConfigurationList = 518EAAA4264EE37B00B057E5 /* Build configuration list for PBXNativeTarget "Metallurgy" */;
			buildPhases = (
				518EAA91264EE37A00B057E5 /* Sources */,
				518EAA92264EE37A00B057E5 /* Frameworks */,
				518EAA93264EE37A00B057E5 /* Resources */,
			);
			buildRules = (
			);
			dependencies = (
			);
			name = Metallurgy;
			packageProductDependencies = (
			);
			productName = SwiftUIByExample;
			productReference = 518EAA95264EE37A00B057E5 /* Metallurgy.app */;
			productType = "com.apple.product-type.application";
		};
/* End PBXNativeTarget section */

/* Begin PBXProject section */
		518EAA8D264EE37A00B057E5 /* Project object */ = {
			isa = PBXProject;
			attributes = {
				BuildIndependentTargetsInParallel = YES;
				LastSwiftUpdateCheck = 1250;
				LastUpgradeCheck = 1500;
				TargetAttributes = {
					518EAA94264EE37A00B057E5 = {
						CreatedOnToolsVersion = 12.5;
					};
				};
			};
			buildConfigurationList = 518EAA90264EE37A00B057E5 /* Build configuration list for PBXProject "Metallurgy" */;
			compatibilityVersion = "Xcode 9.3";
			developmentRegion = en;
			hasScannedForEncodings = 0;
			knownRegions = (
				en,
				Base,
			);
			mainGroup = 518EAA8C264EE37A00B057E5;
			packageReferences = (
			);
			productRefGroup = 518EAA96264EE37A00B057E5 /* Products */;
			projectDirPath = "";
			projectRoot = "";
			targets = (
				518EAA94264EE37A00B057E5 /* Metallurgy */,
			);
		};
/* End PBXProject section */

/* Begin PBXResourcesBuildPhase section */
		518EAA93264EE37A00B057E5 /* Resources */ = {
			isa = PBXResourcesBuildPhase;
			buildActionMask = 2147483647;
			files = (
				F23754452A518D80003B2BEB /* Media.xcassets in Resources */,
			);
			runOnlyForDeploymentPostprocessing = 0;
		};
/* End PBXResourcesBuildPhase section */

/* Begin PBXSourcesBuildPhase section */
		518EAA91264EE37A00B057E5 /* Sources */ = {
			isa = PBXSourcesBuildPhase;
			buildActionMask = 2147483647;
			files = (
				F22CA78D2A5714B600EE2EB2 /* ShowcaseLink.swift in Sources */,
				F233012C2A601F7D006AB30E /* ShowcaseEffectModifiers.swift in Sources */,
				F2DB794D2A4F9A8D00C2F727 /* Dithering.metal in Sources */,
				F2B997682A47B64200F872D3 /* ShowcaseParameter.swift in Sources */,
				F23166AE2A5382DA00C3078B /* TelevisionStatic.metal in Sources */,
				F2DB79412A4F98E300C2F727 /* Greyscale.metal in Sources */,
				F226E17F2A5D557F000DEF09 /* ShowcaseModelView.swift in Sources */,
				F2DB794F2A4F9AAB00C2F727 /* Bloom.metal in Sources */,
				F22525282A486E14005352D4 /* ShowcaseHeading.swift in Sources */,
				F20AB2B92A66A8C200EF310F /* Parameters.swift in Sources */,
				F272720C2A54C1C6007E9FC5 /* RandomColors.metal in Sources */,
				F23166B02A53877F00C3078B /* Exposure.metal in Sources */,
				F20AB2BB2A66A8E300EF310F /* Complexity.swift in Sources */,
				F2DB793F2A4F984800C2F727 /* Intensity.metal in Sources */,
				F2DB79492A4F9A7100C2F727 /* Color Channel Mixer.metal in Sources */,
				F260EACB2A4CEB8800EA5E0F /* VideoHomeSystem.metal in Sources */,
				F237CD542A536D5600A6FA3A /* ShowcaseVideo.swift in Sources */,
				F2B997642A470FE500F872D3 /* Chromatic Abberation (Static).metal in Sources */,
				F29917812A4308B0005DBC70 /* Metallurgy.swift in Sources */,
				F259E66A2A4B71FD006E7CF1 /* Simple Waves.metal in Sources */,
				F23754422A518D2E003B2BEB /* EdgeDetection.metal in Sources */,
				F2DB793B2A4F961B00C2F727 /* Invert.metal in Sources */,
				F2DB79382A4EF19600C2F727 /* Contrast.metal in Sources */,
				F23301302A613FBB006AB30E /* ChromaticAbberation(Time).metal in Sources */,
				F20AB2BF2A66A93200EF310F /* SortingOptions.swift in Sources */,
				F29FE6542A45B78F00EAAC87 /* ShaderShowcases.swift in Sources */,
				F2DB79472A4F99F500C2F727 /* Deepfry.metal in Sources */,
				F2339D522A434E5500FAAD78 /* ShowcaseImage.swift in Sources */,
				F2A0C2292A5EAD1B000F099B /* Showcase.swift in Sources */,
				F23301352A6142CD006AB30E /* Complex Wave.metal in Sources */,
				F2DB79532A4F9AC000C2F727 /* Posterize.metal in Sources */,
				F259E6612A4B2655006E7CF1 /* CategoryButton.swift in Sources */,
				F2DB79432A4F99B300C2F727 /* Blacklight.metal in Sources */,
				F29FE6502A45942F00EAAC87 /* Sepia.metal in Sources */,
				F233012E2A60AF3D006AB30E /* SectionHeader.swift in Sources */,
				F29917822A4308B0005DBC70 /* ContentView.swift in Sources */,
				F2DB79552A4F9ACD00C2F727 /* Infrared.metal in Sources */,
				F20AB2C12A66A94900EF310F /* Argument.swift in Sources */,
				F2918BB72A5C5FFE00CF328B /* ShowcaseContextMenu.swift in Sources */,
				F20AB2BD2A66A90900EF310F /* Categories.swift in Sources */,
			);
			runOnlyForDeploymentPostprocessing = 0;
		};
/* End PBXSourcesBuildPhase section */

/* Begin XCBuildConfiguration section */
		518EAAA2264EE37B00B057E5 /* Debug */ = {
			isa = XCBuildConfiguration;
			buildSettings = {
				ALWAYS_SEARCH_USER_PATHS = NO;
				ASSETCATALOG_COMPILER_GENERATE_SWIFT_ASSET_SYMBOL_EXTENSIONS = YES;
				CLANG_ANALYZER_NONNULL = YES;
				CLANG_ANALYZER_NUMBER_OBJECT_CONVERSION = YES_AGGRESSIVE;
				CLANG_CXX_LANGUAGE_STANDARD = "gnu++14";
				CLANG_CXX_LIBRARY = "libc++";
				CLANG_ENABLE_MODULES = YES;
				CLANG_ENABLE_OBJC_ARC = YES;
				CLANG_ENABLE_OBJC_WEAK = YES;
				CLANG_WARN_BLOCK_CAPTURE_AUTORELEASING = YES;
				CLANG_WARN_BOOL_CONVERSION = YES;
				CLANG_WARN_COMMA = YES;
				CLANG_WARN_CONSTANT_CONVERSION = YES;
				CLANG_WARN_DEPRECATED_OBJC_IMPLEMENTATIONS = YES;
				CLANG_WARN_DIRECT_OBJC_ISA_USAGE = YES_ERROR;
				CLANG_WARN_DOCUMENTATION_COMMENTS = YES;
				CLANG_WARN_EMPTY_BODY = YES;
				CLANG_WARN_ENUM_CONVERSION = YES;
				CLANG_WARN_INFINITE_RECURSION = YES;
				CLANG_WARN_INT_CONVERSION = YES;
				CLANG_WARN_NON_LITERAL_NULL_CONVERSION = YES;
				CLANG_WARN_OBJC_IMPLICIT_RETAIN_SELF = YES;
				CLANG_WARN_OBJC_LITERAL_CONVERSION = YES;
				CLANG_WARN_OBJC_ROOT_CLASS = YES_ERROR;
				CLANG_WARN_QUOTED_INCLUDE_IN_FRAMEWORK_HEADER = YES;
				CLANG_WARN_RANGE_LOOP_ANALYSIS = YES;
				CLANG_WARN_STRICT_PROTOTYPES = YES;
				CLANG_WARN_SUSPICIOUS_MOVE = YES;
				CLANG_WARN_UNGUARDED_AVAILABILITY = YES_AGGRESSIVE;
				CLANG_WARN_UNREACHABLE_CODE = YES;
				CLANG_WARN__DUPLICATE_METHOD_MATCH = YES;
				COPY_PHASE_STRIP = NO;
				DEBUG_INFORMATION_FORMAT = dwarf;
				ENABLE_STRICT_OBJC_MSGSEND = YES;
				ENABLE_TESTABILITY = YES;
				ENABLE_USER_SCRIPT_SANDBOXING = YES;
				GCC_C_LANGUAGE_STANDARD = gnu11;
				GCC_DYNAMIC_NO_PIC = NO;
				GCC_NO_COMMON_BLOCKS = YES;
				GCC_OPTIMIZATION_LEVEL = 0;
				GCC_PREPROCESSOR_DEFINITIONS = (
					"DEBUG=1",
					"$(inherited)",
				);
				GCC_WARN_64_TO_32_BIT_CONVERSION = YES;
				GCC_WARN_ABOUT_RETURN_TYPE = YES_ERROR;
				GCC_WARN_UNDECLARED_SELECTOR = YES;
				GCC_WARN_UNINITIALIZED_AUTOS = YES_AGGRESSIVE;
				GCC_WARN_UNUSED_FUNCTION = YES;
				GCC_WARN_UNUSED_VARIABLE = YES;
				IPHONEOS_DEPLOYMENT_TARGET = 16.1;
				MTL_ENABLE_DEBUG_INFO = INCLUDE_SOURCE;
				MTL_FAST_MATH = YES;
				ONLY_ACTIVE_ARCH = YES;
				SDKROOT = iphoneos;
				SWIFT_ACTIVE_COMPILATION_CONDITIONS = DEBUG;
				SWIFT_OPTIMIZATION_LEVEL = "-Onone";
			};
			name = Debug;
		};
		518EAAA3264EE37B00B057E5 /* Release */ = {
			isa = XCBuildConfiguration;
			buildSettings = {
				ALWAYS_SEARCH_USER_PATHS = NO;
				ASSETCATALOG_COMPILER_GENERATE_SWIFT_ASSET_SYMBOL_EXTENSIONS = YES;
				CLANG_ANALYZER_NONNULL = YES;
				CLANG_ANALYZER_NUMBER_OBJECT_CONVERSION = YES_AGGRESSIVE;
				CLANG_CXX_LANGUAGE_STANDARD = "gnu++14";
				CLANG_CXX_LIBRARY = "libc++";
				CLANG_ENABLE_MODULES = YES;
				CLANG_ENABLE_OBJC_ARC = YES;
				CLANG_ENABLE_OBJC_WEAK = YES;
				CLANG_WARN_BLOCK_CAPTURE_AUTORELEASING = YES;
				CLANG_WARN_BOOL_CONVERSION = YES;
				CLANG_WARN_COMMA = YES;
				CLANG_WARN_CONSTANT_CONVERSION = YES;
				CLANG_WARN_DEPRECATED_OBJC_IMPLEMENTATIONS = YES;
				CLANG_WARN_DIRECT_OBJC_ISA_USAGE = YES_ERROR;
				CLANG_WARN_DOCUMENTATION_COMMENTS = YES;
				CLANG_WARN_EMPTY_BODY = YES;
				CLANG_WARN_ENUM_CONVERSION = YES;
				CLANG_WARN_INFINITE_RECURSION = YES;
				CLANG_WARN_INT_CONVERSION = YES;
				CLANG_WARN_NON_LITERAL_NULL_CONVERSION = YES;
				CLANG_WARN_OBJC_IMPLICIT_RETAIN_SELF = YES;
				CLANG_WARN_OBJC_LITERAL_CONVERSION = YES;
				CLANG_WARN_OBJC_ROOT_CLASS = YES_ERROR;
				CLANG_WARN_QUOTED_INCLUDE_IN_FRAMEWORK_HEADER = YES;
				CLANG_WARN_RANGE_LOOP_ANALYSIS = YES;
				CLANG_WARN_STRICT_PROTOTYPES = YES;
				CLANG_WARN_SUSPICIOUS_MOVE = YES;
				CLANG_WARN_UNGUARDED_AVAILABILITY = YES_AGGRESSIVE;
				CLANG_WARN_UNREACHABLE_CODE = YES;
				CLANG_WARN__DUPLICATE_METHOD_MATCH = YES;
				COPY_PHASE_STRIP = NO;
				DEBUG_INFORMATION_FORMAT = "dwarf-with-dsym";
				ENABLE_NS_ASSERTIONS = NO;
				ENABLE_STRICT_OBJC_MSGSEND = YES;
				ENABLE_USER_SCRIPT_SANDBOXING = YES;
				GCC_C_LANGUAGE_STANDARD = gnu11;
				GCC_NO_COMMON_BLOCKS = YES;
				GCC_WARN_64_TO_32_BIT_CONVERSION = YES;
				GCC_WARN_ABOUT_RETURN_TYPE = YES_ERROR;
				GCC_WARN_UNDECLARED_SELECTOR = YES;
				GCC_WARN_UNINITIALIZED_AUTOS = YES_AGGRESSIVE;
				GCC_WARN_UNUSED_FUNCTION = YES;
				GCC_WARN_UNUSED_VARIABLE = YES;
				IPHONEOS_DEPLOYMENT_TARGET = 16.1;
				MTL_ENABLE_DEBUG_INFO = NO;
				MTL_FAST_MATH = YES;
				SDKROOT = iphoneos;
				SWIFT_COMPILATION_MODE = wholemodule;
				SWIFT_OPTIMIZATION_LEVEL = "-O";
				VALIDATE_PRODUCT = YES;
			};
			name = Release;
		};
		518EAAA5264EE37B00B057E5 /* Debug */ = {
			isa = XCBuildConfiguration;
			buildSettings = {
				ASSETCATALOG_COMPILER_APPICON_NAME = AppIcon;
				ASSETCATALOG_COMPILER_GLOBAL_ACCENT_COLOR_NAME = AccentColor;
				CODE_SIGN_STYLE = Automatic;
				DEVELOPMENT_TEAM = "";
				ENABLE_PREVIEWS = YES;
				INFOPLIST_FILE = Metallurgy/Info.plist;
				IPHONEOS_DEPLOYMENT_TARGET = 17.0;
				LD_RUNPATH_SEARCH_PATHS = (
					"$(inherited)",
					"@executable_path/Frameworks",
				);
				MTLLINKER_FLAGS = "";
				MTL_COMPILER_FLAGS = "-fcikernel";
				PRODUCT_BUNDLE_IDENTIFIER = com.community.shaders;
				PRODUCT_NAME = "$(TARGET_NAME)";
				SWIFT_VERSION = 5.0;
				TARGETED_DEVICE_FAMILY = "1,2";
			};
			name = Debug;
		};
		518EAAA6264EE37B00B057E5 /* Release */ = {
			isa = XCBuildConfiguration;
			buildSettings = {
				ASSETCATALOG_COMPILER_APPICON_NAME = AppIcon;
				ASSETCATALOG_COMPILER_GLOBAL_ACCENT_COLOR_NAME = AccentColor;
				CODE_SIGN_STYLE = Automatic;
				DEVELOPMENT_TEAM = "";
				ENABLE_PREVIEWS = YES;
				INFOPLIST_FILE = Metallurgy/Info.plist;
				IPHONEOS_DEPLOYMENT_TARGET = 17.0;
				LD_RUNPATH_SEARCH_PATHS = (
					"$(inherited)",
					"@executable_path/Frameworks",
				);
				MTLLINKER_FLAGS = "";
				MTL_COMPILER_FLAGS = "-fcikernel";
				PRODUCT_BUNDLE_IDENTIFIER = com.community.shaders;
				PRODUCT_NAME = "$(TARGET_NAME)";
				SWIFT_VERSION = 5.0;
				TARGETED_DEVICE_FAMILY = "1,2";
			};
			name = Release;
		};
/* End XCBuildConfiguration section */

/* Begin XCConfigurationList section */
		518EAA90264EE37A00B057E5 /* Build configuration list for PBXProject "Metallurgy" */ = {
			isa = XCConfigurationList;
			buildConfigurations = (
				518EAAA2264EE37B00B057E5 /* Debug */,
				518EAAA3264EE37B00B057E5 /* Release */,
			);
			defaultConfigurationIsVisible = 0;
			defaultConfigurationName = Release;
		};
		518EAAA4264EE37B00B057E5 /* Build configuration list for PBXNativeTarget "Metallurgy" */ = {
			isa = XCConfigurationList;
			buildConfigurations = (
				518EAAA5264EE37B00B057E5 /* Debug */,
				518EAAA6264EE37B00B057E5 /* Release */,
			);
			defaultConfigurationIsVisible = 0;
			defaultConfigurationName = Release;
		};
/* End XCConfigurationList section */
	};
	rootObject = 518EAA8D264EE37A00B057E5 /* Project object */;
}
